{
    "_readme": [
        "This file locks the dependencies of your project to a known state",
        "Read more about it at https://getcomposer.org/doc/01-basic-usage.md#composer-lock-the-lock-file",
        "This file is @generated automatically"
    ],
    "hash": "3fc57141b23aaa1bdf8eccd6b5859991",
    "content-hash": "ab7c264abaa2e203d53eb9a5dd4639bb",
    "packages": [
        {
            "name": "barracudanetworks/forkdaemon-php",
            "version": "v1.0.7",
            "source": {
                "type": "git",
                "url": "https://github.com/barracudanetworks/forkdaemon-php.git",
                "reference": "9f9402909a4bd1ac98e5aacb6f15f19056f591f6"
            },
            "dist": {
                "type": "zip",
                "url": "https://api.github.com/repos/barracudanetworks/forkdaemon-php/zipball/9f9402909a4bd1ac98e5aacb6f15f19056f591f6",
                "reference": "9f9402909a4bd1ac98e5aacb6f15f19056f591f6",
                "shasum": ""
            },
            "require": {
                "php": ">=5.3.0"
            },
            "type": "library",
            "autoload": {
                "classmap": [
                    "fork_daemon.php"
                ]
            },
            "notification-url": "https://packagist.org/downloads/",
            "license": [
                "MIT"
            ],
            "description": "A library to make setup and management of forking daemons in PHP easy.",
            "homepage": "https://github.com/barracudanetworks/forkdaemon-php",
            "keywords": [
                "daemons",
                "forking",
                "php"
            ],
            "time": "2016-01-12 19:40:56"
        },
        {
            "name": "composer/installers",
            "version": "v1.0.25",
            "source": {
                "type": "git",
                "url": "https://github.com/composer/installers.git",
                "reference": "36e5b5843203d7f1cf6ffb0305a97e014387bd8e"
            },
            "dist": {
                "type": "zip",
                "url": "https://api.github.com/repos/composer/installers/zipball/36e5b5843203d7f1cf6ffb0305a97e014387bd8e",
                "reference": "36e5b5843203d7f1cf6ffb0305a97e014387bd8e",
                "shasum": ""
            },
            "require": {
                "composer-plugin-api": "^1.0"
            },
            "replace": {
                "roundcube/plugin-installer": "*",
                "shama/baton": "*"
            },
            "require-dev": {
                "composer/composer": "1.0.*@dev",
                "phpunit/phpunit": "4.1.*"
            },
            "type": "composer-plugin",
            "extra": {
                "class": "Composer\\Installers\\Plugin",
                "branch-alias": {
                    "dev-master": "1.0-dev"
                }
            },
            "autoload": {
                "psr-4": {
                    "Composer\\Installers\\": "src/Composer/Installers"
                }
            },
            "notification-url": "https://packagist.org/downloads/",
            "license": [
                "MIT"
            ],
            "authors": [
                {
                    "name": "Kyle Robinson Young",
                    "email": "kyle@dontkry.com",
                    "homepage": "https://github.com/shama"
                }
            ],
            "description": "A multi-framework Composer library installer",
            "homepage": "https://composer.github.io/installers/",
            "keywords": [
                "Craft",
                "Dolibarr",
                "Hurad",
                "ImageCMS",
                "MODX Evo",
                "Mautic",
                "OXID",
                "SMF",
                "Thelia",
                "WolfCMS",
                "agl",
                "aimeos",
                "annotatecms",
                "bitrix",
                "cakephp",
                "chef",
                "codeigniter",
                "concrete5",
                "croogo",
                "dokuwiki",
                "drupal",
                "elgg",
                "fuelphp",
                "grav",
                "installer",
                "joomla",
                "kohana",
                "laravel",
                "lithium",
                "magento",
                "mako",
                "mediawiki",
                "modulework",
                "moodle",
                "phpbb",
                "piwik",
                "ppi",
                "puppet",
                "roundcube",
                "shopware",
                "silverstripe",
                "symfony",
                "typo3",
                "wordpress",
                "zend",
                "zikula"
            ],
            "time": "2016-04-13 19:46:30"
        },
        {
            "name": "giantbomb/giantbomb",
            "version": "dev-master",
            "source": {
                "type": "git",
                "url": "https://github.com/amalfra/GiantBomb.git",
                "reference": "6e5c37fdaff69bc2af089acd39fbc00b1d4f5985"
            },
            "dist": {
                "type": "zip",
                "url": "https://api.github.com/repos/amalfra/GiantBomb/zipball/6e5c37fdaff69bc2af089acd39fbc00b1d4f5985",
                "reference": "6e5c37fdaff69bc2af089acd39fbc00b1d4f5985",
                "shasum": ""
            },
            "require": {
                "php": ">=5.3.0"
            },
            "type": "library",
            "autoload": {
                "psr-0": {
                    "GiantBomb": "GiantBomb/"
                }
            },
            "notification-url": "https://packagist.org/downloads/",
            "license": [
                "MIT"
            ],
            "authors": [
                {
                    "name": "Amal Francis",
                    "email": "amalfra@gmail.com"
                },
                {
                    "name": "koroban",
                    "email": "dev+koroban@novutec.com"
                }
            ],
            "description": "A PHP wrapper for GiantBomb API",
            "homepage": "http://www.giantbomb.com/api/",
            "keywords": [
                "api",
                "giantbomb",
                "php",
                "wrapper"
            ],
            "time": "2014-05-10 11:57:09"
        },
        {
            "name": "google/recaptcha",
            "version": "1.1.2",
            "source": {
                "type": "git",
                "url": "https://github.com/google/recaptcha.git",
                "reference": "2b7e00566afca82a38a1d3adb8e42c118006296e"
            },
            "dist": {
                "type": "zip",
                "url": "https://api.github.com/repos/google/recaptcha/zipball/2b7e00566afca82a38a1d3adb8e42c118006296e",
                "reference": "2b7e00566afca82a38a1d3adb8e42c118006296e",
                "shasum": ""
            },
            "require": {
                "php": ">=5.3.2"
            },
            "require-dev": {
                "phpunit/phpunit": "4.5.*"
            },
            "type": "library",
            "extra": {
                "branch-alias": {
                    "dev-master": "1.1.x-dev"
                }
            },
            "autoload": {
                "psr-4": {
                    "ReCaptcha\\": "src/ReCaptcha"
                }
            },
            "notification-url": "https://packagist.org/downloads/",
            "license": [
                "BSD-3-Clause"
            ],
            "description": "Client library for reCAPTCHA, a free service that protect websites from spam and abuse.",
            "homepage": "http://www.google.com/recaptcha/",
            "keywords": [
                "Abuse",
                "captcha",
                "recaptcha",
                "spam"
            ],
            "time": "2015-09-02 17:23:59"
        },
        {
            "name": "james-heinrich/getid3",
            "version": "v1.9.12",
            "source": {
                "type": "git",
                "url": "https://github.com/JamesHeinrich/getID3.git",
                "reference": "41c05612d532d30f07680cad3a4a6efbec7fc7f5"
            },
            "dist": {
                "type": "zip",
                "url": "https://api.github.com/repos/JamesHeinrich/getID3/zipball/41c05612d532d30f07680cad3a4a6efbec7fc7f5",
                "reference": "41c05612d532d30f07680cad3a4a6efbec7fc7f5",
                "shasum": ""
            },
            "require": {
                "php": ">=5.3.0"
            },
            "type": "library",
            "autoload": {
                "classmap": [
                    "getid3/getid3.php"
                ]
            },
            "notification-url": "https://packagist.org/downloads/",
            "license": [
                "GPL"
            ],
            "description": "PHP script that extracts useful information from popular multimedia file formats",
            "homepage": "http://www.getid3.org/",
            "keywords": [
                "codecs",
                "php",
                "tags"
            ],
            "time": "2016-03-02 13:13:30"
        },
        {
            "name": "joshpinkney/tv-maze-php-api",
            "version": "dev-master",
            "source": {
                "type": "git",
                "url": "https://github.com/JPinkney/TVMaze-PHP-API-Wrapper.git",
                "reference": "bf6b5bcf44d607bd2406b0638e86e6b9f1b909fe"
            },
            "dist": {
                "type": "zip",
                "url": "https://api.github.com/repos/JPinkney/TVMaze-PHP-API-Wrapper/zipball/bf6b5bcf44d607bd2406b0638e86e6b9f1b909fe",
                "reference": "bf6b5bcf44d607bd2406b0638e86e6b9f1b909fe",
                "shasum": ""
            },
            "type": "library",
            "autoload": {
                "psr-4": {
                    "JPinkney\\": ""
                }
            },
            "notification-url": "https://packagist.org/downloads/",
            "license": [
                "MIT"
            ],
            "authors": [
                {
                    "name": "Josh Pinkney",
                    "email": "Joshpinkney@gmail.com"
                }
            ],
            "description": "TVMaze-API-Wrapper",
            "time": "2016-03-16 14:59:03"
        },
        {
            "name": "kbjr/Git.php",
            "version": "dev-master",
            "source": {
                "type": "git",
                "url": "https://github.com/kbjr/Git.php.git",
                "reference": "0d1a99625d45bccda222389bbe6135482b407782"
            },
            "dist": {
                "type": "zip",
                "url": "https://api.github.com/repos/kbjr/Git.php/zipball/0d1a99625d45bccda222389bbe6135482b407782",
                "reference": "0d1a99625d45bccda222389bbe6135482b407782",
                "shasum": ""
            },
            "type": "library",
            "autoload": {
                "classmap": [
                    "Git.php"
                ]
            },
            "support": {
                "source": "https://github.com/kbjr/Git.php/tree/master",
                "issues": "https://github.com/kbjr/Git.php/issues"
            },
            "time": "2015-03-31 14:10:29"
        },
        {
            "name": "moinax/tvdb",
            "version": "v1.0.5",
            "source": {
                "type": "git",
                "url": "https://github.com/Moinax/TvDb.git",
                "reference": "772b24179b199bc1f17935c52613f95d318ad3cc"
            },
            "dist": {
                "type": "zip",
                "url": "https://api.github.com/repos/Moinax/TvDb/zipball/772b24179b199bc1f17935c52613f95d318ad3cc",
                "reference": "772b24179b199bc1f17935c52613f95d318ad3cc",
                "shasum": ""
            },
            "require": {
                "php": ">=5.3.3"
            },
            "type": "library",
            "autoload": {
                "psr-0": {
                    "Moinax\\TvDb": "src"
                }
            },
            "notification-url": "https://packagist.org/downloads/",
            "license": [
                "MIT"
            ],
            "authors": [
                {
                    "name": "Moinax",
                    "email": "moinax@gmail.com"
                }
            ],
            "description": "PHPTVDB is a PHP library for accessing TV show information such as episodes, actors, showtimes and descriptions.",
            "homepage": "http://moinax.github.io/TvDb/",
            "keywords": [
                "api"
            ],
            "time": "2016-04-01 14:51:00"
        },
        {
            "name": "phpmailer/phpmailer",
            "version": "v5.2.14",
            "source": {
                "type": "git",
                "url": "https://github.com/PHPMailer/PHPMailer.git",
                "reference": "e774bc9152de85547336e22b8926189e582ece95"
            },
            "dist": {
                "type": "zip",
                "url": "https://api.github.com/repos/PHPMailer/PHPMailer/zipball/e774bc9152de85547336e22b8926189e582ece95",
                "reference": "e774bc9152de85547336e22b8926189e582ece95",
                "shasum": ""
            },
            "require": {
                "php": ">=5.0.0"
            },
            "require-dev": {
                "phpdocumentor/phpdocumentor": "*",
                "phpunit/phpunit": "4.7.*"
            },
            "suggest": {
                "league/oauth2-client": "Needed for XOAUTH2 authentication",
                "league/oauth2-google": "Needed for Gmail XOAUTH2"
            },
            "type": "library",
            "autoload": {
                "classmap": [
                    "class.phpmailer.php",
                    "class.phpmaileroauth.php",
                    "class.phpmaileroauthgoogle.php",
                    "class.smtp.php",
                    "class.pop3.php",
                    "extras/EasyPeasyICS.php",
                    "extras/ntlm_sasl_client.php"
                ]
            },
            "notification-url": "https://packagist.org/downloads/",
            "license": [
                "LGPL-2.1"
            ],
            "authors": [
                {
                    "name": "Jim Jagielski",
                    "email": "jimjag@gmail.com"
                },
                {
                    "name": "Marcus Bointon",
                    "email": "phpmailer@synchromedia.co.uk"
                },
                {
                    "name": "Andy Prevost",
                    "email": "codeworxtech@users.sourceforge.net"
                },
                {
                    "name": "Brent R. Matzelle"
                }
            ],
            "description": "PHPMailer is a full-featured email creation and transfer class for PHP",
            "time": "2015-11-01 10:15:28"
        },
        {
            "name": "smarty/smarty",
            "version": "v3.1.29",
            "source": {
                "type": "git",
                "url": "https://github.com/smarty-php/smarty.git",
                "reference": "35480f10e7ce9b0fdaf23d3799d7b79463919b1e"
            },
            "dist": {
                "type": "zip",
                "url": "https://api.github.com/repos/smarty-php/smarty/zipball/35480f10e7ce9b0fdaf23d3799d7b79463919b1e",
                "reference": "35480f10e7ce9b0fdaf23d3799d7b79463919b1e",
                "shasum": ""
            },
            "require": {
                "php": ">=5.2"
            },
            "type": "library",
            "extra": {
                "branch-alias": {
                    "dev-master": "3.1.x-dev"
                }
            },
            "autoload": {
                "classmap": [
                    "libs/Smarty.class.php",
                    "libs/SmartyBC.class.php",
                    "libs/sysplugins/"
                ]
            },
            "notification-url": "https://packagist.org/downloads/",
            "license": [
                "LGPL-3.0"
            ],
            "authors": [
                {
                    "name": "Monte Ohrt",
                    "email": "monte@ohrt.com"
                },
                {
                    "name": "Uwe Tews",
                    "email": "uwe.tews@googlemail.com"
                },
                {
                    "name": "Rodney Rehm",
                    "email": "rodney.rehm@medialize.de"
                }
            ],
            "description": "Smarty - the compiling PHP template engine",
            "homepage": "http://www.smarty.net",
            "keywords": [
                "templating"
            ],
            "time": "2015-12-21 01:57:06"
        },
        {
            "name": "unionofrad/lithium",
            "version": "1.1.x-dev",
            "source": {
                "type": "git",
                "url": "https://github.com/UnionOfRAD/lithium.git",
                "reference": "9b942de7ba5f771d6ae8f17e2f6d7a7342a84663"
            },
            "dist": {
                "type": "zip",
                "url": "https://api.github.com/repos/UnionOfRAD/lithium/zipball/9b942de7ba5f771d6ae8f17e2f6d7a7342a84663",
                "reference": "9b942de7ba5f771d6ae8f17e2f6d7a7342a84663",
                "shasum": ""
            },
            "require": {
                "composer/installers": "1.*",
                "php": ">=5.5.0"
            },
            "require-dev": {
                "unionofrad/li3_fixtures": "1.0.*@RC"
            },
            "bin": [
                "console/li3"
            ],
            "type": "lithium-library",
            "notification-url": "https://packagist.org/downloads/",
            "license": [
                "BSD-3-Clause"
            ],
            "authors": [
                {
                    "name": "Union of RAD"
                },
                {
                    "name": "The Community"
                }
            ],
            "description": "The core library of the Lithium PHP framework",
            "homepage": "http://li3.me",
            "keywords": [
                "framework",
                "li3",
                "lithium"
            ],
            "time": "2016-01-25 12:29:04"
        }
    ],
    "packages-dev": [
        {
            "name": "cebe/markdown",
            "version": "1.1.0",
            "source": {
                "type": "git",
                "url": "https://github.com/cebe/markdown.git",
                "reference": "54a2c49de31cc44e864ebf0500a35ef21d0010b2"
            },
            "dist": {
                "type": "zip",
                "url": "https://api.github.com/repos/cebe/markdown/zipball/54a2c49de31cc44e864ebf0500a35ef21d0010b2",
                "reference": "54a2c49de31cc44e864ebf0500a35ef21d0010b2",
                "shasum": ""
            },
            "require": {
                "lib-pcre": "*",
                "php": ">=5.4.0"
            },
            "require-dev": {
                "cebe/indent": "*",
                "facebook/xhprof": "*@dev",
                "phpunit/phpunit": "4.1.*"
            },
            "bin": [
                "bin/markdown"
            ],
            "type": "library",
            "extra": {
                "branch-alias": {
                    "dev-master": "1.1.x-dev"
                }
            },
            "autoload": {
                "psr-4": {
                    "cebe\\markdown\\": ""
                }
            },
            "notification-url": "https://packagist.org/downloads/",
            "license": [
                "MIT"
            ],
            "authors": [
                {
                    "name": "Carsten Brandt",
                    "email": "mail@cebe.cc",
                    "homepage": "http://cebe.cc/",
                    "role": "Creator"
                }
            ],
            "description": "A super fast, highly extensible markdown parser for PHP",
            "homepage": "https://github.com/cebe/markdown#readme",
            "keywords": [
                "extensible",
                "fast",
                "gfm",
                "markdown",
                "markdown-extra"
            ],
            "time": "2015-03-06 05:28:07"
        },
        {
            "name": "unionofrad/li3_docs",
            "version": "1.1.x-dev",
            "source": {
                "type": "git",
                "url": "https://github.com/niel/li3_docs.git",
                "reference": "502a84a3eba182c6f3e163ec4031131ea4133fd4"
            },
            "dist": {
                "type": "zip",
                "url": "https://api.github.com/repos/niel/li3_docs/zipball/502a84a3eba182c6f3e163ec4031131ea4133fd4",
                "reference": "502a84a3eba182c6f3e163ec4031131ea4133fd4",
                "shasum": ""
            },
            "require": {
                "cebe/markdown": "1.*",
                "composer/installers": "1.*",
                "php": ">=5.3",
                "unionofrad/lithium": "1.1.x-dev"
            },
            "type": "lithium-library",
            "license": [
                "BSD-3-clause"
            ],
            "authors": [
                {
                    "name": "Union of RAD"
                },
                {
                    "name": "The Community"
                }
            ],
            "description": "A documentation generator for Lithium projects.",
            "homepage": "http://li3.me",
            "keywords": [
                "docblock",
                "docs",
                "documentation",
                "documented",
                "li3",
                "lithium"
            ],
            "support": {
                "source": "https://github.com/niel/li3_docs/tree/1.1"
            },
            "time": "2016-03-22 13:06:11"
        },
        {
            "name": "unionofrad/li3_quality",
            "version": "1.1.x-dev",
            "source": {
                "type": "git",
                "url": "https://github.com/UnionOfRAD/li3_quality.git",
                "reference": "3a986b0b11ccd4be09a22206d6645aed8c8af1d2"
            },
            "dist": {
                "type": "zip",
                "url": "https://api.github.com/repos/UnionOfRAD/li3_quality/zipball/3a986b0b11ccd4be09a22206d6645aed8c8af1d2",
                "reference": "3a986b0b11ccd4be09a22206d6645aed8c8af1d2",
                "shasum": ""
            },
            "require": {
                "composer/installers": "1.*",
                "php": ">=5.5.0",
                "unionofrad/lithium": "1.1.*"
            },
            "type": "lithium-library",
            "notification-url": "https://packagist.org/downloads/",
            "license": [
                "BSD-3-clause"
            ],
            "authors": [
                {
                    "name": "Union of RAD"
                },
                {
                    "name": "The Community"
                }
            ],
            "description": "This li₃ plugin adds code quality assurance to your toolbelt.",
            "homepage": "http://li3.me",
            "keywords": [
                "coverage",
                "li3",
                "lithium",
                "plugin",
                "quality",
                "syntax"
            ],
            "time": "2016-04-10 15:04:15"
        },
        {
            "name": "unionofrad/manual",
            "version": "1.1.x-dev",
            "source": {
                "type": "git",
                "url": "https://github.com/UnionOfRAD/manual.git",
                "reference": "7117a85d03045bfe0b4854de6dada100056f7fef"
            },
            "dist": {
                "type": "zip",
                "url": "https://api.github.com/repos/UnionOfRAD/manual/zipball/7117a85d03045bfe0b4854de6dada100056f7fef",
                "reference": "7117a85d03045bfe0b4854de6dada100056f7fef",
                "shasum": ""
            },
            "require": {
                "composer/installers": "*"
            },
            "type": "lithium-library",
            "license": [
                "BSD-3-clause"
            ],
            "description": "li3 full-fledged documentation effort.",
            "homepage": "https://github.com/UnionOfRAD/manual",
            "keywords": [
                "docblock",
                "docs",
                "documentation",
                "documented",
                "li3",
                "lithium"
            ],
            "support": {
                "source": "https://github.com/UnionOfRAD/manual/tree/1.1",
                "issues": "https://github.com/UnionOfRAD/manual/issues"
            },
            "time": "2016-01-04 20:29:49"
        }
    ],
    "aliases": [],
    "minimum-stability": "stable",
    "stability-flags": {
        "giantbomb/giantbomb": 20,
        "joshpinkney/tv-maze-php-api": 20,
        "kbjr/git.php": 20,
        "unionofrad/lithium": 20,
        "unionofrad/li3_docs": 20,
        "unionofrad/manual": 20,
        "unionofrad/li3_quality": 20
    },
    "prefer-stable": false,
    "prefer-lowest": false,
    "platform": {
        "ext-curl": "*",
        "ext-gd": "*",
        "ext-json": "*",
        "ext-mysqlnd": "*",
        "php": ">=5.5.0"
    },
    "platform-dev": []
}
